
Microsoft Visual Studio Solution File, Format Version 12.00
# Visual Studio 15
VisualStudioVersion = 15.0.28010.2003
MinimumVisualStudioVersion = 10.0.40219.1
Project("{9A19103F-16F7-4668-BE54-9A1E7A4F7556}") = "ngCmsBase.Web", "ngCmsBase.Web\ngCmsBase.Web.csproj", "{F3E9D635-B0A2-405D-932E-2ED0DEAD28BF}"
EndProject
Project("{9A19103F-16F7-4668-BE54-9A1E7A4F7556}") = "ngCmsBase.Core", "ngCmsBase.Core\ngCmsBase.Core.csproj", "{27BC053E-1750-476F-A9F0-3F44E7B67C86}"
EndProject
Project("{9A19103F-16F7-4668-BE54-9A1E7A4F7556}") = "ngCmsBase.Data", "ngCmsBase.Data\ngCmsBase.Data.csproj", "{91197CC2-3A32-459B-956C-A09D67A563A1}"
EndProject
Project("{FAE04EC0-301F-11D3-BF4B-00C04F79EFBC}") = "ngCmsBase.Service", "ngCmsBase.Service\ngCmsBase.Service.csproj", "{18373A07-C2F2-4E17-A7B6-0C0E26A7C258}"
EndProject
Project("{FAE04EC0-301F-11D3-BF4B-00C04F79EFBC}") = "ngCmsBase.Domain", "ngCmsBase.Domain\ngCmsBase.Domain.csproj", "{4ADEC92E-CAE8-435F-BC1F-E93CC0DAF5BD}"
EndProject
Global
	GlobalSection(SolutionConfigurationPlatforms) = preSolution
		Debug|Any CPU = Debug|Any CPU
		Release|Any CPU = Release|Any CPU
	EndGlobalSection
	GlobalSection(ProjectConfigurationPlatforms) = postSolution
		{F3E9D635-B0A2-405D-932E-2ED0DEAD28BF}.Debug|Any CPU.ActiveCfg = Debug|Any CPU
		{F3E9D635-B0A2-405D-932E-2ED0DEAD28BF}.Debug|Any CPU.Build.0 = Debug|Any CPU
		{F3E9D635-B0A2-405D-932E-2ED0DEAD28BF}.Release|Any CPU.ActiveCfg = Release|Any CPU
		{F3E9D635-B0A2-405D-932E-2ED0DEAD28BF}.Release|Any CPU.Build.0 = Release|Any CPU
		{27BC053E-1750-476F-A9F0-3F44E7B67C86}.Debug|Any CPU.ActiveCfg = Debug|Any CPU
		{27BC053E-1750-476F-A9F0-3F44E7B67C86}.Debug|Any CPU.Build.0 = Debug|Any CPU
		{27BC053E-1750-476F-A9F0-3F44E7B67C86}.Release|Any CPU.ActiveCfg = Release|Any CPU
		{27BC053E-1750-476F-A9F0-3F44E7B67C86}.Release|Any CPU.Build.0 = Release|Any CPU
		{91197CC2-3A32-459B-956C-A09D67A563A1}.Debug|Any CPU.ActiveCfg = Debug|Any CPU
		{91197CC2-3A32-459B-956C-A09D67A563A1}.Debug|Any CPU.Build.0 = Debug|Any CPU
		{91197CC2-3A32-459B-956C-A09D67A563A1}.Release|Any CPU.ActiveCfg = Release|Any CPU
		{91197CC2-3A32-459B-956C-A09D67A563A1}.Release|Any CPU.Build.0 = Release|Any CPU
		{18373A07-C2F2-4E17-A7B6-0C0E26A7C258}.Debug|Any CPU.ActiveCfg = Debug|Any CPU
		{18373A07-C2F2-4E17-A7B6-0C0E26A7C258}.Debug|Any CPU.Build.0 = Debug|Any CPU
		{18373A07-C2F2-4E17-A7B6-0C0E26A7C258}.Release|Any CPU.ActiveCfg = Release|Any CPU
		{18373A07-C2F2-4E17-A7B6-0C0E26A7C258}.Release|Any CPU.Build.0 = Release|Any CPU
		{4ADEC92E-CAE8-435F-BC1F-E93CC0DAF5BD}.Debug|Any CPU.ActiveCfg = Debug|Any CPU
		{4ADEC92E-CAE8-435F-BC1F-E93CC0DAF5BD}.Debug|Any CPU.Build.0 = Debug|Any CPU
		{4ADEC92E-CAE8-435F-BC1F-E93CC0DAF5BD}.Release|Any CPU.ActiveCfg = Release|Any CPU
		{4ADEC92E-CAE8-435F-BC1F-E93CC0DAF5BD}.Release|Any CPU.Build.0 = Release|Any CPU
	EndGlobalSection
	GlobalSection(SolutionProperties) = preSolution
		HideSolutionNode = FALSE
	EndGlobalSection
	GlobalSection(ExtensibilityGlobals) = postSolution
		SolutionGuid = {9D4848AC-9263-408D-AD05-6E055195CC42}
	EndGlobalSection
EndGlobal
